
Microsoft Visual Studio Solution File, Format Version 12.00
# Visual Studio 15
Project("{FAE04EC0-301F-11D3-BF4B-00C04F79EFBC}") = "movie-tracker", "movie-tracker\movie-tracker.csproj", "{63D4DC58-7A71-47A8-9B65-3B353931F89B}"
EndProject
Global
	GlobalSection(SolutionConfigurationPlatforms) = preSolution
		Debug|Any CPU = Debug|Any CPU
		Release|Any CPU = Release|Any CPU
	EndGlobalSection
	GlobalSection(ProjectConfigurationPlatforms) = postSolution
		{63D4DC58-7A71-47A8-9B65-3B353931F89B}.Debug|Any CPU.ActiveCfg = Debug|Any CPU
		{63D4DC58-7A71-47A8-9B65-3B353931F89B}.Debug|Any CPU.Build.0 = Debug|Any CPU
		{63D4DC58-7A71-47A8-9B65-3B353931F89B}.Release|Any CPU.ActiveCfg = Release|Any CPU
		{63D4DC58-7A71-47A8-9B65-3B353931F89B}.Release|Any CPU.Build.0 = Release|Any CPU
	EndGlobalSection
EndGlobal
